[[package]]
name = "pycrypto"
version = "2.6.1"
description = "Cryptographic modules for Python."
category = "main"
optional = false
python-versions = "*"

[metadata]
lock-version = "1.1"
python-versions = "^3.8"
content-hash = "00a0b65ddc4e18af33e8fe306855260a4e8a2e99b44b06ec8501e84a1a82a943"

[metadata.files]
pycrypto = [
    {file = "pycrypto-2.6.1.tar.gz", hash = "sha256:f2ce1e989b272cfcb677616763e0a2e7ec659effa67a88aa92b3a65528f60a3c"},
]
